
Microsoft Visual Studio Solution File, Format Version 12.00
# Visual Studio Version 16
VisualStudioVersion = 16.0.30523.141
MinimumVisualStudioVersion = 10.0.40219.1
Project("{FAE04EC0-301F-11D3-BF4B-00C04F79EFBC}") = "QuickBookWeb", "QuickBookWeb\QuickBookWeb.csproj", "{CE788A2A-94B3-4AFE-8944-D1B89E148035}"
EndProject
Global
	GlobalSection(SolutionConfigurationPlatforms) = preSolution
		Debug|Any CPU = Debug|Any CPU
		Release|Any CPU = Release|Any CPU
	EndGlobalSection
	GlobalSection(ProjectConfigurationPlatforms) = postSolution
		{CE788A2A-94B3-4AFE-8944-D1B89E148035}.Debug|Any CPU.ActiveCfg = Debug|Any CPU
		{CE788A2A-94B3-4AFE-8944-D1B89E148035}.Debug|Any CPU.Build.0 = Debug|Any CPU
		{CE788A2A-94B3-4AFE-8944-D1B89E148035}.Release|Any CPU.ActiveCfg = Release|Any CPU
		{CE788A2A-94B3-4AFE-8944-D1B89E148035}.Release|Any CPU.Build.0 = Release|Any CPU
	EndGlobalSection
	GlobalSection(SolutionProperties) = preSolution
		HideSolutionNode = FALSE
	EndGlobalSection
	GlobalSection(ExtensibilityGlobals) = postSolution
		SolutionGuid = {36EDA8A2-F3FF-4873-A7C3-86705512AE5F}
	EndGlobalSection
EndGlobal
